
Microsoft Visual Studio Solution File, Format Version 12.00
# Visual Studio Version 17
VisualStudioVersion = 17.4.33110.190
MinimumVisualStudioVersion = 10.0.40219.1
Project("{9A19103F-16F7-4668-BE54-9A1E7A4F7556}") = "Day1", "Day1\Day1.csproj", "{C588F5E7-118F-43F5-9D86-4017D5485728}"
EndProject
Project("{9A19103F-16F7-4668-BE54-9A1E7A4F7556}") = "Day2", "Day2\Day2.csproj", "{9623EAEE-04CF-4D5E-ACF8-14666935D99E}"
EndProject
Project("{9A19103F-16F7-4668-BE54-9A1E7A4F7556}") = "Day3", "Day3\Day3.csproj", "{7FA2360D-FCB4-42E2-8883-D0CDBA694764}"
EndProject
Project("{9A19103F-16F7-4668-BE54-9A1E7A4F7556}") = "Day4", "Day4\Day4.csproj", "{BD6E5BFD-1FA3-42EF-9339-F78BEBF2992D}"
EndProject
Project("{9A19103F-16F7-4668-BE54-9A1E7A4F7556}") = "Day5", "Day5\Day5.csproj", "{0506B6FB-2EBF-4FD9-AF54-3661640B85D0}"
EndProject
Project("{9A19103F-16F7-4668-BE54-9A1E7A4F7556}") = "Day6", "Day6\Day6.csproj", "{3513B8B4-C9B5-478B-BBCF-ED053BAB706A}"
EndProject
Project("{9A19103F-16F7-4668-BE54-9A1E7A4F7556}") = "Day7", "Day7\Day7.csproj", "{89969B38-8D40-41BB-94BD-4FB773E3105A}"
EndProject
Global
	GlobalSection(SolutionConfigurationPlatforms) = preSolution
		Debug|Any CPU = Debug|Any CPU
		Release|Any CPU = Release|Any CPU
	EndGlobalSection
	GlobalSection(ProjectConfigurationPlatforms) = postSolution
		{C588F5E7-118F-43F5-9D86-4017D5485728}.Debug|Any CPU.ActiveCfg = Debug|Any CPU
		{C588F5E7-118F-43F5-9D86-4017D5485728}.Debug|Any CPU.Build.0 = Debug|Any CPU
		{C588F5E7-118F-43F5-9D86-4017D5485728}.Release|Any CPU.ActiveCfg = Release|Any CPU
		{C588F5E7-118F-43F5-9D86-4017D5485728}.Release|Any CPU.Build.0 = Release|Any CPU
		{9623EAEE-04CF-4D5E-ACF8-14666935D99E}.Debug|Any CPU.ActiveCfg = Debug|Any CPU
		{9623EAEE-04CF-4D5E-ACF8-14666935D99E}.Debug|Any CPU.Build.0 = Debug|Any CPU
		{9623EAEE-04CF-4D5E-ACF8-14666935D99E}.Release|Any CPU.ActiveCfg = Release|Any CPU
		{9623EAEE-04CF-4D5E-ACF8-14666935D99E}.Release|Any CPU.Build.0 = Release|Any CPU
		{7FA2360D-FCB4-42E2-8883-D0CDBA694764}.Debug|Any CPU.ActiveCfg = Debug|Any CPU
		{7FA2360D-FCB4-42E2-8883-D0CDBA694764}.Debug|Any CPU.Build.0 = Debug|Any CPU
		{7FA2360D-FCB4-42E2-8883-D0CDBA694764}.Release|Any CPU.ActiveCfg = Release|Any CPU
		{7FA2360D-FCB4-42E2-8883-D0CDBA694764}.Release|Any CPU.Build.0 = Release|Any CPU
		{BD6E5BFD-1FA3-42EF-9339-F78BEBF2992D}.Debug|Any CPU.ActiveCfg = Debug|Any CPU
		{BD6E5BFD-1FA3-42EF-9339-F78BEBF2992D}.Debug|Any CPU.Build.0 = Debug|Any CPU
		{BD6E5BFD-1FA3-42EF-9339-F78BEBF2992D}.Release|Any CPU.ActiveCfg = Release|Any CPU
		{BD6E5BFD-1FA3-42EF-9339-F78BEBF2992D}.Release|Any CPU.Build.0 = Release|Any CPU
		{0506B6FB-2EBF-4FD9-AF54-3661640B85D0}.Debug|Any CPU.ActiveCfg = Debug|Any CPU
		{0506B6FB-2EBF-4FD9-AF54-3661640B85D0}.Debug|Any CPU.Build.0 = Debug|Any CPU
		{0506B6FB-2EBF-4FD9-AF54-3661640B85D0}.Release|Any CPU.ActiveCfg = Release|Any CPU
		{0506B6FB-2EBF-4FD9-AF54-3661640B85D0}.Release|Any CPU.Build.0 = Release|Any CPU
		{3513B8B4-C9B5-478B-BBCF-ED053BAB706A}.Debug|Any CPU.ActiveCfg = Debug|Any CPU
		{3513B8B4-C9B5-478B-BBCF-ED053BAB706A}.Debug|Any CPU.Build.0 = Debug|Any CPU
		{3513B8B4-C9B5-478B-BBCF-ED053BAB706A}.Release|Any CPU.ActiveCfg = Release|Any CPU
		{3513B8B4-C9B5-478B-BBCF-ED053BAB706A}.Release|Any CPU.Build.0 = Release|Any CPU
		{89969B38-8D40-41BB-94BD-4FB773E3105A}.Debug|Any CPU.ActiveCfg = Debug|Any CPU
		{89969B38-8D40-41BB-94BD-4FB773E3105A}.Debug|Any CPU.Build.0 = Debug|Any CPU
		{89969B38-8D40-41BB-94BD-4FB773E3105A}.Release|Any CPU.ActiveCfg = Release|Any CPU
		{89969B38-8D40-41BB-94BD-4FB773E3105A}.Release|Any CPU.Build.0 = Release|Any CPU
	EndGlobalSection
	GlobalSection(SolutionProperties) = preSolution
		HideSolutionNode = FALSE
	EndGlobalSection
	GlobalSection(ExtensibilityGlobals) = postSolution
		SolutionGuid = {2090282D-527A-437C-8728-97C1C9F3F753}
	EndGlobalSection
EndGlobal
